// !$*UTF8*$!
{
	archiveVersion = 1;
	classes = {
	};
	objectVersion = 46;
	objects = {

/* Begin PBXBuildFile section */
		1A7018E41CC85D31006613D4 /* BCGViewController.m in Sources */ = {isa = PBXBuildFile; fileRef = 1A7018E31CC85D31006613D4 /* BCGViewController.m */; };
		1AA4666C1CC6676000864125 /* main.m in Sources */ = {isa = PBXBuildFile; fileRef = 1AA4666B1CC6676000864125 /* main.m */; };
		1AA4666F1CC6676000864125 /* AppDelegate.m in Sources */ = {isa = PBXBuildFile; fileRef = 1AA4666E1CC6676000864125 /* AppDelegate.m */; };
		1AA466721CC6676000864125 /* ViewController.m in Sources */ = {isa = PBXBuildFile; fileRef = 1AA466711CC6676000864125 /* ViewController.m */; };
		1AA466751CC6676000864125 /* Main.storyboard in Resources */ = {isa = PBXBuildFile; fileRef = 1AA466731CC6676000864125 /* Main.storyboard */; };
		1AA466771CC6676000864125 /* Assets.xcassets in Resources */ = {isa = PBXBuildFile; fileRef = 1AA466761CC6676000864125 /* Assets.xcassets */; };
		1AA4667A1CC6676000864125 /* LaunchScreen.storyboard in Resources */ = {isa = PBXBuildFile; fileRef = 1AA466781CC6676000864125 /* LaunchScreen.storyboard */; };
/* End PBXBuildFile section */

/* Begin PBXFileReference section */
		1A7018E21CC85D31006613D4 /* BCGViewController.h */ = {isa = PBXFileReference; fileEncoding = 4; lastKnownFileType = sourcecode.c.h; path = BCGViewController.h; sourceTree = "<group>"; };
		1A7018E31CC85D31006613D4 /* BCGViewController.m */ = {isa = PBXFileReference; fileEncoding = 4; lastKnownFileType = sourcecode.c.objc; path = BCGViewController.m; sourceTree = "<group>"; };
		1AA466671CC6676000864125 /* UIToolBarTest.app */ = {isa = PBXFileReference; explicitFileType = wrapper.application; includeInIndex = 0; path = UIToolBarTest.app; sourceTree = BUILT_PRODUCTS_DIR; };
		1AA4666B1CC6676000864125 /* main.m */ = {isa = PBXFileReference; lastKnownFileType = sourcecode.c.objc; path = main.m; sourceTree = "<group>"; };
		1AA4666D1CC6676000864125 /* AppDelegate.h */ = {isa = PBXFileReference; lastKnownFileType = sourcecode.c.h; path = AppDelegate.h; sourceTree = "<group>"; };
		1AA4666E1CC6676000864125 /* AppDelegate.m */ = {isa = PBXFileReference; lastKnownFileType = sourcecode.c.objc; path = AppDelegate.m; sourceTree = "<group>"; };
		1AA466701CC6676000864125 /* ViewController.h */ = {isa = PBXFileReference; lastKnownFileType = sourcecode.c.h; path = ViewController.h; sourceTree = "<group>"; };
		1AA466711CC6676000864125 /* ViewController.m */ = {isa = PBXFileReference; lastKnownFileType = sourcecode.c.objc; path = ViewController.m; sourceTree = "<group>"; };
		1AA466741CC6676000864125 /* Base */ = {isa = PBXFileReference; lastKnownFileType = file.storyboard; name = Base; path = Base.lproj/Main.storyboard; sourceTree = "<group>"; };
		1AA466761CC6676000864125 /* Assets.xcassets */ = {isa = PBXFileReference; lastKnownFileType = folder.assetcatalog; path = Assets.xcassets; sourceTree = "<group>"; };
		1AA466791CC6676000864125 /* Base */ = {isa = PBXFileReference; lastKnownFileType = file.storyboard; name = Base; path = Base.lproj/LaunchScreen.storyboard; sourceTree = "<group>"; };
		1AA4667B1CC6676000864125 /* Info.plist */ = {isa = PBXFileReference; lastKnownFileType = text.plist.xml; path = Info.plist; sourceTree = "<group>"; };
/* End PBXFileReference section */

/* Begin PBXFrameworksBuildPhase section */
		1AA466641CC6676000864125 /* Frameworks */ = {
			isa = PBXFrameworksBuildPhase;
			buildActionMask = 2147483647;
			files = (
			);
			runOnlyForDeploymentPostprocessing = 0;
		};
/* End PBXFrameworksBuildPhase section */

/* Begin PBXGroup section */
		1AA4665E1CC6676000864125 = {
			isa = PBXGroup;
			children = (
				1AA466691CC6676000864125 /* UIToolBarTest */,
				1AA466681CC6676000864125 /* Products */,
			);
			sourceTree = "<group>";
		};
		1AA466681CC6676000864125 /* Products */ = {
			isa = PBXGroup;
			children = (
				1AA466671CC6676000864125 /* UIToolBarTest.app */,
			);
			name = Products;
			sourceTree = "<group>";
		};
		1AA466691CC6676000864125 /* UIToolBarTest */ = {
			isa = PBXGroup;
			children = (
				1AA4666D1CC6676000864125 /* AppDelegate.h */,
				1AA4666E1CC6676000864125 /* AppDelegate.m */,
				1AA466701CC6676000864125 /* ViewController.h */,
				1AA466711CC6676000864125 /* ViewController.m */,
				1A7018E21CC85D31006613D4 /* BCGViewController.h */,
				1A7018E31CC85D31006613D4 /* BCGViewController.m */,
				1AA466731CC6676000864125 /* Main.storyboard */,
				1AA466761CC6676000864125 /* Assets.xcassets */,
				1AA466781CC6676000864125 /* LaunchScreen.storyboard */,
				1AA4667B1CC6676000864125 /* Info.plist */,
				1AA4666A1CC6676000864125 /* Supporting Files */,
			);
			path = UIToolBarTest;
			sourceTree = "<group>";
		};
		1AA4666A1CC6676000864125 /* Supporting Files */ = {
			isa = PBXGroup;
			children = (
				1AA4666B1CC6676000864125 /* main.m */,
			);
			name = "Supporting Files";
			sourceTree = "<group>";
		};
/* End PBXGroup section */

/* Begin PBXNativeTarget section */
		1AA466661CC6676000864125 /* UIToolBarTest */ = {
			isa = PBXNativeTarget;
			buildConfigurationList = 1AA4667E1CC6676000864125 /* Build configuration list for PBXNativeTarget "UIToolBarTest" */;
			buildPhases = (
				1AA466631CC6676000864125 /* Sources */,
				1AA466641CC6676000864125 /* Frameworks */,
				1AA466651CC6676000864125 /* Resources */,
			);
			buildRules = (
			);
			dependencies = (
			);
			name = UIToolBarTest;
			productName = UIToolBarTest;
			productReference = 1AA466671CC6676000864125 /* UIToolBarTest.app */;
			productType = "com.apple.product-type.application";
		};
/* End PBXNativeTarget section */

/* Begin PBXProject section */
		1AA4665F1CC6676000864125 /* Project object */ = {
			isa = PBXProject;
			attributes = {
				LastUpgradeCheck = 0720;
				ORGANIZATIONNAME = Sugar;
				TargetAttributes = {
					1AA466661CC6676000864125 = {
						CreatedOnToolsVersion = 7.2.1;
						DevelopmentTeam = 8X7BD3JKW3;
					};
				};
			};
			buildConfigurationList = 1AA466621CC6676000864125 /* Build configuration list for PBXProject "UIToolBarTest" */;
			compatibilityVersion = "Xcode 3.2";
			developmentRegion = English;
			hasScannedForEncodings = 0;
			knownRegions = (
				en,
				Base,
			);
			mainGroup = 1AA4665E1CC6676000864125;
			productRefGroup = 1AA466681CC6676000864125 /* Products */;
			projectDirPath = "";
			projectRoot = "";
			targets = (
				1AA466661CC6676000864125 /* UIToolBarTest */,
			);
		};
/* End PBXProject section */

/* Begin PBXResourcesBuildPhase section */
		1AA466651CC6676000864125 /* Resources */ = {
			isa = PBXResourcesBuildPhase;
			buildActionMask = 2147483647;
			files = (
				1AA4667A1CC6676000864125 /* LaunchScreen.storyboard in Resources */,
				1AA466771CC6676000864125 /* Assets.xcassets in Resources */,
				1AA466751CC6676000864125 /* Main.storyboard in Resources */,
			);
			runOnlyForDeploymentPostprocessing = 0;
		};
/* End PBXResourcesBuildPhase section */

/* Begin PBXSourcesBuildPhase section */
		1AA466631CC6676000864125 /* Sources */ = {
			isa = PBXSourcesBuildPhase;
			buildActionMask = 2147483647;
			files = (
				1AA466721CC6676000864125 /* ViewController.m in Sources */,
				1A7018E41CC85D31006613D4 /* BCGViewController.m in Sources */,
				1AA4666F1CC6676000864125 /* AppDelegate.m in Sources */,
				1AA4666C1CC6676000864125 /* main.m in Sources */,
			);
			runOnlyForDeploymentPostprocessing = 0;
		};
/* End PBXSourcesBuildPhase section */

/* Begin PBXVariantGroup section */
		1AA466731CC6676000864125 /* Main.storyboard */ = {
			isa = PBXVariantGroup;
			children = (
				1AA466741CC6676000864125 /* Base */,
			);
			name = Main.storyboard;
			sourceTree = "<group>";
		};
		1AA466781CC6676000864125 /* LaunchScreen.storyboard */ = {
			isa = PBXVariantGroup;
			children = (
				1AA466791CC6676000864125 /* Base */,
			);
			name = LaunchScreen.storyboard;
			sourceTree = "<group>";
		};
/* End PBXVariantGroup section */

/* Begin XCBuildConfiguration section */
		1AA4667C1CC6676000864125 /* Debug */ = {
			isa = XCBuildConfiguration;
			buildSettings = {
				ALWAYS_SEARCH_USER_PATHS = NO;
				CLANG_CXX_LANGUAGE_STANDARD = "gnu++0x";
				CLANG_CXX_LIBRARY = "libc++";
				CLANG_ENABLE_MODULES = YES;
				CLANG_ENABLE_OBJC_ARC = YES;
				CLANG_WARN_BOOL_CONVERSION = YES;
				CLANG_WARN_CONSTANT_CONVERSION = YES;
				CLANG_WARN_DIRECT_OBJC_ISA_USAGE = YES_ERROR;
				CLANG_WARN_EMPTY_BODY = YES;
				CLANG_WARN_ENUM_CONVERSION = YES;
				CLANG_WARN_INT_CONVERSION = YES;
				CLANG_WARN_OBJC_ROOT_CLASS = YES_ERROR;
				CLANG_WARN_UNREACHABLE_CODE = YES;
				CLANG_WARN__DUPLICATE_METHOD_MATCH = YES;
				"CODE_SIGN_IDENTITY[sdk=iphoneos*]" = "iPhone Developer";
				COPY_PHASE_STRIP = NO;
				DEBUG_INFORMATION_FORMAT = dwarf;
				ENABLE_STRICT_OBJC_MSGSEND = YES;
				ENABLE_TESTABILITY = YES;
				GCC_C_LANGUAGE_STANDARD = gnu99;
				GCC_DYNAMIC_NO_PIC = NO;
				GCC_NO_COMMON_BLOCKS = YES;
				GCC_OPTIMIZATION_LEVEL = 0;
				GCC_PREPROCESSOR_DEFINITIONS = (
					"DEBUG=1",
					"$(inherited)",
				);
				GCC_WARN_64_TO_32_BIT_CONVERSION = YES;
				GCC_WARN_ABOUT_RETURN_TYPE = YES_ERROR;
				GCC_WARN_UNDECLARED_SELECTOR = YES;
				GCC_WARN_UNINITIALIZED_AUTOS = YES_AGGRESSIVE;
				GCC_WARN_UNUSED_FUNCTION = YES;
				GCC_WARN_UNUSED_VARIABLE = YES;
				IPHONEOS_DEPLOYMENT_TARGET = 9.2;
				MTL_ENABLE_DEBUG_INFO = YES;
				ONLY_ACTIVE_ARCH = YES;
				SDKROOT = iphoneos;
			};
			name = Debug;
		};
		1AA4667D1CC6676000864125 /* Release */ = {
			isa = XCBuildConfiguration;
			buildSettings = {
				ALWAYS_SEARCH_USER_PATHS = NO;
				CLANG_CXX_LANGUAGE_STANDARD = "gnu++0x";
				CLANG_CXX_LIBRARY = "libc++";
				CLANG_ENABLE_MODULES = YES;
				CLANG_ENABLE_OBJC_ARC = YES;
				CLANG_WARN_BOOL_CONVERSION = YES;
				CLANG_WARN_CONSTANT_CONVERSION = YES;
				CLANG_WARN_DIRECT_OBJC_ISA_USAGE = YES_ERROR;
				CLANG_WARN_EMPTY_BODY = YES;
				CLANG_WARN_ENUM_CONVERSION = YES;
				CLANG_WARN_INT_CONVERSION = YES;
				CLANG_WARN_OBJC_ROOT_CLASS = YES_ERROR;
				CLANG_WARN_UNREACHABLE_CODE = YES;
				CLANG_WARN__DUPLICATE_METHOD_MATCH = YES;
				"CODE_SIGN_IDENTITY[sdk=iphoneos*]" = "iPhone Developer";
				COPY_PHASE_STRIP = NO;
				DEBUG_INFORMATION_FORMAT = "dwarf-with-dsym";
				ENABLE_NS_ASSERTIONS = NO;
				ENABLE_STRICT_OBJC_MSGSEND = YES;
				GCC_C_LANGUAGE_STANDARD = gnu99;
				GCC_NO_COMMON_BLOCKS = YES;
				GCC_WARN_64_TO_32_BIT_CONVERSION = YES;
				GCC_WARN_ABOUT_RETURN_TYPE = YES_ERROR;
				GCC_WARN_UNDECLARED_SELECTOR = YES;
				GCC_WARN_UNINITIALIZED_AUTOS = YES_AGGRESSIVE;
				GCC_WARN_UNUSED_FUNCTION = YES;
				GCC_WARN_UNUSED_VARIABLE = YES;
				IPHONEOS_DEPLOYMENT_TARGET = 9.2;
				MTL_ENABLE_DEBUG_INFO = NO;
				SDKROOT = iphoneos;
				VALIDATE_PRODUCT = YES;
			};
			name = Release;
		};
		1AA4667F1CC6676000864125 /* Debug */ = {
			isa = XCBuildConfiguration;
			buildSettings = {
				ASSETCATALOG_COMPILER_APPICON_NAME = AppIcon;
				INFOPLIST_FILE = UIToolBarTest/Info.plist;
				LD_RUNPATH_SEARCH_PATHS = "$(inherited) @executable_path/Frameworks";
				PRODUCT_BUNDLE_IDENTIFIER = Amazing.UIToolBarTest;
				PRODUCT_NAME = "$(TARGET_NAME)";
			};
			name = Debug;
		};
		1AA466801CC6676000864125 /* Release */ = {
			isa = XCBuildConfiguration;
			buildSettings = {
				ASSETCATALOG_COMPILER_APPICON_NAME = AppIcon;
				INFOPLIST_FILE = UIToolBarTest/Info.plist;
				LD_RUNPATH_SEARCH_PATHS = "$(inherited) @executable_path/Frameworks";
				PRODUCT_BUNDLE_IDENTIFIER = Amazing.UIToolBarTest;
				PRODUCT_NAME = "$(TARGET_NAME)";
			};
			name = Release;
		};
/* End XCBuildConfiguration section */

/* Begin XCConfigurationList section */
		1AA466621CC6676000864125 /* Build configuration list for PBXProject "UIToolBarTest" */ = {
			isa = XCConfigurationList;
			buildConfigurations = (
				1AA4667C1CC6676000864125 /* Debug */,
				1AA4667D1CC6676000864125 /* Release */,
			);
			defaultConfigurationIsVisible = 0;
			defaultConfigurationName = Release;
		};
		1AA4667E1CC6676000864125 /* Build configuration list for PBXNativeTarget "UIToolBarTest" */ = {
			isa = XCConfigurationList;
			buildConfigurations = (
				1AA4667F1CC6676000864125 /* Debug */,
				1AA466801CC6676000864125 /* Release */,
			);
			defaultConfigurationIsVisible = 0;
			defaultConfigurationName = Release;
		};
/* End XCConfigurationList section */
	};
	rootObject = 1AA4665F1CC6676000864125 /* Project object */;
}
